{
  "name": "cato-api",
  "lockfileVersion": 2,
  "requires": true,
  "packages": {
    "": {
      "dependencies": {
        "flask": "^0.2.10",
        "futures": "^2.3.3"
      }
    },
    "node_modules/asyncify": {
      "version": "2.1.2",
      "resolved": "https://registry.npmjs.org/asyncify/-/asyncify-2.1.2.tgz",
      "integrity": "sha1-NAVlKnAmrO8oqJ5hj+bvCmzlje8=",
      "dependencies": {
        "future": "2.x"
      },
      "engines": {
        "ender": ">= 0.5.0",
        "node": "*"
      }
    },
    "node_modules/chainify": {
      "version": "2.1.2",
      "resolved": "https://registry.npmjs.org/chainify/-/chainify-2.1.2.tgz",
      "integrity": "sha1-TQ/mIcEiyD/uy6bI99mdEeh7yYE=",
      "dependencies": {
        "future": "2.x",
        "sequence": "2.x"
      },
      "engines": {
        "ender": ">= 0.5.0",
        "node": "*"
      }
    },
    "node_modules/events.node": {
      "version": "0.4.9",
      "resolved": "https://registry.npmjs.org/events.node/-/events.node-0.4.9.tgz",
      "integrity": "sha1-gpmOp0lQEUX9LafPjsvmQg+sAqQ=",
      "engines": {
        "ender": ">= 0.5.0",
        "node": ">= 0.2.0"
      }
    },
    "node_modules/flask": {
      "version": "0.2.10",
      "resolved": "https://registry.npmjs.org/flask/-/flask-0.2.10.tgz",
      "integrity": "sha1-9fWkLP1YownjfGfAo5YXqBnl4bc="
    },
    "node_modules/forEachAsync": {
      "version": "2.2.1",
      "resolved": "https://registry.npmjs.org/forEachAsync/-/forEachAsync-2.2.1.tgz",
      "integrity": "sha1-43I/AJA5EOHrSx2zrVG1xkoxn+w=",
      "deprecated": "Please use 'foreachasync' instead. See https://www.npmjs.com/package/foreachasync",
      "dependencies": {
        "sequence": "2.x"
      },
      "engines": {
        "ender": ">= 0.5.0",
        "node": "*"
      }
    },
    "node_modules/future": {
      "version": "2.3.1",
      "resolved": "https://registry.npmjs.org/future/-/future-2.3.1.tgz",
      "integrity": "sha1-LTJ+BhHdVvrHES0FfHmcSF7CO+k=",
      "engines": {
        "ender": ">= 0.5.0",
        "node": "*"
      }
    },
    "node_modules/futures": {
      "version": "2.3.3",
      "resolved": "https://registry.npmjs.org/futures/-/futures-2.3.3.tgz",
      "integrity": "sha1-mf3hD+udvgA+9RB6n9qiISf61Is=",
      "dependencies": {
        "asyncify": "2.x",
        "chainify": "2.x",
        "events.node": "0.4.x",
        "forEachAsync": "2.x",
        "future": "2.x",
        "join": "2.x",
        "loop": "2.x",
        "sequence": "2.x"
      },
      "engines": {
        "node": "*"
      }
    },
    "node_modules/join": {
      "version": "2.3.2",
      "resolved": "https://registry.npmjs.org/join/-/join-2.3.2.tgz",
      "integrity": "sha1-U6Umjoa+iRkEyiuuWs8LVEtHFKk=",
      "dependencies": {
        "future": "2.x"
      },
      "engines": {
        "ender": ">= 0.5.0",
        "node": "*"
      }
    },
    "node_modules/loop": {
      "version": "2.1.2",
      "resolved": "https://registry.npmjs.org/loop/-/loop-2.1.2.tgz",
      "integrity": "sha1-hatG5jmSGrJkv+QShupc5RqHPdM=",
      "dependencies": {
        "future": "2.x"
      },
      "engines": {
        "ender": ">= 0.5.0",
        "node": "*"
      }
    },
    "node_modules/sequence": {
      "version": "2.2.1",
      "resolved": "https://registry.npmjs.org/sequence/-/sequence-2.2.1.tgz",
      "integrity": "sha1-f1YXiV1ENRwKBH52RGdpBJChawM=",
      "engines": {
        "ender": ">= 0.5.0",
        "node": "*"
      }
    }
  },
  "dependencies": {
    "asyncify": {
      "version": "2.1.2",
      "resolved": "https://registry.npmjs.org/asyncify/-/asyncify-2.1.2.tgz",
      "integrity": "sha1-NAVlKnAmrO8oqJ5hj+bvCmzlje8=",
      "requires": {
        "future": "2.x"
      }
    },
    "chainify": {
      "version": "2.1.2",
      "resolved": "https://registry.npmjs.org/chainify/-/chainify-2.1.2.tgz",
      "integrity": "sha1-TQ/mIcEiyD/uy6bI99mdEeh7yYE=",
      "requires": {
        "future": "2.x",
        "sequence": "2.x"
      }
    },
    "events.node": {
      "version": "0.4.9",
      "resolved": "https://registry.npmjs.org/events.node/-/events.node-0.4.9.tgz",
      "integrity": "sha1-gpmOp0lQEUX9LafPjsvmQg+sAqQ="
    },
    "flask": {
      "version": "0.2.10",
      "resolved": "https://registry.npmjs.org/flask/-/flask-0.2.10.tgz",
      "integrity": "sha1-9fWkLP1YownjfGfAo5YXqBnl4bc="
    },
    "forEachAsync": {
      "version": "2.2.1",
      "resolved": "https://registry.npmjs.org/forEachAsync/-/forEachAsync-2.2.1.tgz",
      "integrity": "sha1-43I/AJA5EOHrSx2zrVG1xkoxn+w=",
      "requires": {
        "sequence": "2.x"
      }
    },
    "future": {
      "version": "2.3.1",
      "resolved": "https://registry.npmjs.org/future/-/future-2.3.1.tgz",
      "integrity": "sha1-LTJ+BhHdVvrHES0FfHmcSF7CO+k="
    },
    "futures": {
      "version": "2.3.3",
      "resolved": "https://registry.npmjs.org/futures/-/futures-2.3.3.tgz",
      "integrity": "sha1-mf3hD+udvgA+9RB6n9qiISf61Is=",
      "requires": {
        "asyncify": "2.x",
        "chainify": "2.x",
        "events.node": "0.4.x",
        "forEachAsync": "2.x",
        "future": "2.x",
        "join": "2.x",
        "loop": "2.x",
        "sequence": "2.x"
      }
    },
    "join": {
      "version": "2.3.2",
      "resolved": "https://registry.npmjs.org/join/-/join-2.3.2.tgz",
      "integrity": "sha1-U6Umjoa+iRkEyiuuWs8LVEtHFKk=",
      "requires": {
        "future": "2.x"
      }
    },
    "loop": {
      "version": "2.1.2",
      "resolved": "https://registry.npmjs.org/loop/-/loop-2.1.2.tgz",
      "integrity": "sha1-hatG5jmSGrJkv+QShupc5RqHPdM=",
      "requires": {
        "future": "2.x"
      }
    },
    "sequence": {
      "version": "2.2.1",
      "resolved": "https://registry.npmjs.org/sequence/-/sequence-2.2.1.tgz",
      "integrity": "sha1-f1YXiV1ENRwKBH52RGdpBJChawM="
    }
  }
}
